
Microsoft Visual Studio Solution File, Format Version 12.00
# Visual Studio Version 17
VisualStudioVersion = 17.0.31903.59
MinimumVisualStudioVersion = 10.0.40219.1
Project("{FAE04EC0-301F-11D3-BF4B-00C04F79EFBC}") = "Devolutions.Gateway.Utils", "Devolutions.Gateway.Utils\Devolutions.Gateway.Utils.csproj", "{79FC5A21-D5AD-44FA-BD6E-562A086ED424}"
EndProject
Project("{FAE04EC0-301F-11D3-BF4B-00C04F79EFBC}") = "Devolutions.Gateway.Utils.Tests", "Devolutions.Gateway.Utils.Tests\Devolutions.Gateway.Utils.Tests.csproj", "{98C49C9F-F42A-4BE1-9E59-1F07FB2BFB24}"
EndProject
Global
	GlobalSection(SolutionConfigurationPlatforms) = preSolution
		Debug|Any CPU = Debug|Any CPU
		Release|Any CPU = Release|Any CPU
	EndGlobalSection
	GlobalSection(SolutionProperties) = preSolution
		HideSolutionNode = FALSE
	EndGlobalSection
	GlobalSection(ProjectConfigurationPlatforms) = postSolution
		{79FC5A21-D5AD-44FA-BD6E-562A086ED424}.Debug|Any CPU.ActiveCfg = Debug|Any CPU
		{79FC5A21-D5AD-44FA-BD6E-562A086ED424}.Debug|Any CPU.Build.0 = Debug|Any CPU
		{79FC5A21-D5AD-44FA-BD6E-562A086ED424}.Release|Any CPU.ActiveCfg = Release|Any CPU
		{79FC5A21-D5AD-44FA-BD6E-562A086ED424}.Release|Any CPU.Build.0 = Release|Any CPU
		{98C49C9F-F42A-4BE1-9E59-1F07FB2BFB24}.Debug|Any CPU.ActiveCfg = Debug|Any CPU
		{98C49C9F-F42A-4BE1-9E59-1F07FB2BFB24}.Debug|Any CPU.Build.0 = Debug|Any CPU
		{98C49C9F-F42A-4BE1-9E59-1F07FB2BFB24}.Release|Any CPU.ActiveCfg = Release|Any CPU
		{98C49C9F-F42A-4BE1-9E59-1F07FB2BFB24}.Release|Any CPU.Build.0 = Release|Any CPU
	EndGlobalSection
EndGlobal
