
Microsoft Visual Studio Solution File, Format Version 12.00
# Visual Studio Version 17
VisualStudioVersion = 17.7.34221.43
MinimumVisualStudioVersion = 10.0.40219.1
Project("{FAE04EC0-301F-11D3-BF4B-00C04F79EFBC}") = "DevolutionsGateway", "DevolutionsGateway.csproj", "{AEF5323D-2509-440D-B3F6-6F36B071A8AA}"
EndProject
Global
	GlobalSection(SolutionConfigurationPlatforms) = preSolution
		Debug|Any CPU = Debug|Any CPU
		Release|Any CPU = Release|Any CPU
	EndGlobalSection
	GlobalSection(ProjectConfigurationPlatforms) = postSolution
		{AEF5323D-2509-440D-B3F6-6F36B071A8AA}.Debug|Any CPU.ActiveCfg = Debug|Any CPU
		{AEF5323D-2509-440D-B3F6-6F36B071A8AA}.Debug|Any CPU.Build.0 = Debug|Any CPU
		{AEF5323D-2509-440D-B3F6-6F36B071A8AA}.Release|Any CPU.ActiveCfg = Release|Any CPU
		{AEF5323D-2509-440D-B3F6-6F36B071A8AA}.Release|Any CPU.Build.0 = Release|Any CPU
	EndGlobalSection
	GlobalSection(SolutionProperties) = preSolution
		HideSolutionNode = FALSE
	EndGlobalSection
	GlobalSection(ExtensibilityGlobals) = postSolution
		SolutionGuid = {6B26DD11-2DE8-46E4-AC4B-6EF6BB032E0F}
	EndGlobalSection
EndGlobal
