
Microsoft Visual Studio Solution File, Format Version 12.00
# Visual Studio Version 17
VisualStudioVersion = 17.3.32901.215
MinimumVisualStudioVersion = 10.0.40219.1
Project("{8BC9CEB8-8B4A-11D0-8D11-00A0C91BC942}") = "DevolutionsGateway.Installer.Actions", "DevolutionsGateway.Installer.Actions.vcxproj", "{489D0647-C188-4F07-9C79-C496941E4359}"
EndProject
Global
	GlobalSection(SolutionConfigurationPlatforms) = preSolution
		Debug|x64 = Debug|x64
		Debug|x86 = Debug|x86
		Release|x64 = Release|x64
		Release|x86 = Release|x86
	EndGlobalSection
	GlobalSection(ProjectConfigurationPlatforms) = postSolution
		{489D0647-C188-4F07-9C79-C496941E4359}.Debug|x64.ActiveCfg = Debug|x64
		{489D0647-C188-4F07-9C79-C496941E4359}.Debug|x64.Build.0 = Debug|x64
		{489D0647-C188-4F07-9C79-C496941E4359}.Debug|x86.ActiveCfg = Debug|Win32
		{489D0647-C188-4F07-9C79-C496941E4359}.Debug|x86.Build.0 = Debug|Win32
		{489D0647-C188-4F07-9C79-C496941E4359}.Release|x64.ActiveCfg = Release|x64
		{489D0647-C188-4F07-9C79-C496941E4359}.Release|x64.Build.0 = Release|x64
		{489D0647-C188-4F07-9C79-C496941E4359}.Release|x86.ActiveCfg = Release|Win32
		{489D0647-C188-4F07-9C79-C496941E4359}.Release|x86.Build.0 = Release|Win32
	EndGlobalSection
	GlobalSection(SolutionProperties) = preSolution
		HideSolutionNode = FALSE
	EndGlobalSection
	GlobalSection(ExtensibilityGlobals) = postSolution
		SolutionGuid = {64F8C782-4949-4A8E-9D4C-5BB72A6849A7}
	EndGlobalSection
EndGlobal
