
Microsoft Visual Studio Solution File, Format Version 12.00
# Visual Studio Version 17
VisualStudioVersion = 17.2.32630.192
MinimumVisualStudioVersion = 10.0.40219.1
Project("{FAE04EC0-301F-11D3-BF4B-00C04F79EFBC}") = "Devolutions.Gateway.Clients", "Devolutions.Gateway.Clients.csproj", "{F22A6B59-5B83-47E7-82D7-3DF194DBF713}"
EndProject
Global
	GlobalSection(SolutionConfigurationPlatforms) = preSolution
		Debug|Any CPU = Debug|Any CPU
		Release|Any CPU = Release|Any CPU
	EndGlobalSection
	GlobalSection(ProjectConfigurationPlatforms) = postSolution
		{F22A6B59-5B83-47E7-82D7-3DF194DBF713}.Debug|Any CPU.ActiveCfg = Debug|Any CPU
		{F22A6B59-5B83-47E7-82D7-3DF194DBF713}.Debug|Any CPU.Build.0 = Debug|Any CPU
		{F22A6B59-5B83-47E7-82D7-3DF194DBF713}.Release|Any CPU.ActiveCfg = Release|Any CPU
		{F22A6B59-5B83-47E7-82D7-3DF194DBF713}.Release|Any CPU.Build.0 = Release|Any CPU
	EndGlobalSection
	GlobalSection(SolutionProperties) = preSolution
		HideSolutionNode = FALSE
	EndGlobalSection
	GlobalSection(ExtensibilityGlobals) = postSolution
		SolutionGuid = {F8766C6E-1437-4A8E-8D22-A973CEF42960}
	EndGlobalSection
EndGlobal
