
Microsoft Visual Studio Solution File, Format Version 12.00
# Visual Studio Version 17
VisualStudioVersion = 17.10.34928.147
MinimumVisualStudioVersion = 10.0.40219.1
Project("{9A19103F-16F7-4668-BE54-9A1E7A4F7556}") = "DevolutionsPedmDesktop", "DevolutionsPedmDesktop.csproj", "{4A76D935-2202-4190-A5B7-59722617C7D8}"
EndProject
Project("{9A19103F-16F7-4668-BE54-9A1E7A4F7556}") = "Devolutions.Pedm.Client", "..\openapi\dotnet-client\src\Devolutions.Pedm.Client\Devolutions.Pedm.Client.csproj", "{4E66145E-667C-44F9-AC66-B574701C214B}"
EndProject
Global
	GlobalSection(SolutionConfigurationPlatforms) = preSolution
		Debug|Any CPU = Debug|Any CPU
		Release|Any CPU = Release|Any CPU
	EndGlobalSection
	GlobalSection(ProjectConfigurationPlatforms) = postSolution
		{4A76D935-2202-4190-A5B7-59722617C7D8}.Debug|Any CPU.ActiveCfg = Debug|Any CPU
		{4A76D935-2202-4190-A5B7-59722617C7D8}.Debug|Any CPU.Build.0 = Debug|Any CPU
		{4A76D935-2202-4190-A5B7-59722617C7D8}.Release|Any CPU.ActiveCfg = Release|Any CPU
		{4A76D935-2202-4190-A5B7-59722617C7D8}.Release|Any CPU.Build.0 = Release|Any CPU
		{4E66145E-667C-44F9-AC66-B574701C214B}.Debug|Any CPU.ActiveCfg = Debug|Any CPU
		{4E66145E-667C-44F9-AC66-B574701C214B}.Debug|Any CPU.Build.0 = Debug|Any CPU
		{4E66145E-667C-44F9-AC66-B574701C214B}.Release|Any CPU.ActiveCfg = Release|Any CPU
		{4E66145E-667C-44F9-AC66-B574701C214B}.Release|Any CPU.Build.0 = Release|Any CPU
	EndGlobalSection
	GlobalSection(SolutionProperties) = preSolution
		HideSolutionNode = FALSE
	EndGlobalSection
	GlobalSection(ExtensibilityGlobals) = postSolution
		SolutionGuid = {48FE2443-04BA-4CCE-8BB5-781F42F38AB0}
	EndGlobalSection
EndGlobal
